
Microsoft Visual Studio Solution File, Format Version 12.00
# Visual Studio Version 16
VisualStudioVersion = 16.0.30011.22
MinimumVisualStudioVersion = 10.0.40219.1
Project("{9A19103F-16F7-4668-BE54-9A1E7A4F7556}") = "OwnerPropertyManagement.Api", "OwnerPropertyManagement.Api\OwnerPropertyManagement.Api.csproj", "{F1FF4A4A-374F-44D8-A974-4A5C1FDA0AF3}"
EndProject
Project("{9A19103F-16F7-4668-BE54-9A1E7A4F7556}") = "OwnerPropertyManagement.Data", "OwnerPropertyManagement.Data\OwnerPropertyManagement.Data.csproj", "{8C625842-78C0-43F8-8DB4-35600163FFB3}"
EndProject
Project("{9A19103F-16F7-4668-BE54-9A1E7A4F7556}") = "OwnerPropertyManagement.Domain", "OwnerPropertyManagement.Domain\OwnerPropertyManagement.Domain.csproj", "{303F4372-6B65-4718-ABC0-ACF932F56859}"
EndProject
Project("{9A19103F-16F7-4668-BE54-9A1E7A4F7556}") = "OwnerPropertyManagement.Test", "OwnerPropertyManagement.Test\OwnerPropertyManagement.Test.csproj", "{82F7CF2E-D356-4E29-A471-22AE8529A2FD}"
EndProject
Project("{E24C65DC-7377-472B-9ABA-BC803B73C61A}") = "OwnerPropertyManagement.App", "OwnerPropertyManagement.App\", "{E4314658-459E-4157-AD61-77A1EA0B6A73}"
	ProjectSection(WebsiteProperties) = preProject
		TargetFrameworkMoniker = ".NETFramework,Version%3Dv4.0"
		Debug.AspNetCompiler.VirtualPath = "/localhost_63260"
		Debug.AspNetCompiler.PhysicalPath = "OwnerPropertyManagement.App\"
		Debug.AspNetCompiler.TargetPath = "PrecompiledWeb\localhost_63260\"
		Debug.AspNetCompiler.Updateable = "true"
		Debug.AspNetCompiler.ForceOverwrite = "true"
		Debug.AspNetCompiler.FixedNames = "false"
		Debug.AspNetCompiler.Debug = "True"
		Release.AspNetCompiler.VirtualPath = "/localhost_63260"
		Release.AspNetCompiler.PhysicalPath = "OwnerPropertyManagement.App\"
		Release.AspNetCompiler.TargetPath = "PrecompiledWeb\localhost_63260\"
		Release.AspNetCompiler.Updateable = "true"
		Release.AspNetCompiler.ForceOverwrite = "true"
		Release.AspNetCompiler.FixedNames = "false"
		Release.AspNetCompiler.Debug = "False"
		VWDPort = "63260"
		SlnRelativePath = "OwnerPropertyManagement.App\"
	EndProjectSection
EndProject
Project("{FAE04EC0-301F-11D3-BF4B-00C04F79EFBC}") = "OwnerPropertyManagement.Contracts", "OwnerPropertyManagement.Contracts\OwnerPropertyManagement.Contracts.csproj", "{8B4F7913-2353-45EB-8A65-E50A0436C0D0}"
EndProject
Global
	GlobalSection(SolutionConfigurationPlatforms) = preSolution
		Debug|Any CPU = Debug|Any CPU
		Release|Any CPU = Release|Any CPU
	EndGlobalSection
	GlobalSection(ProjectConfigurationPlatforms) = postSolution
		{F1FF4A4A-374F-44D8-A974-4A5C1FDA0AF3}.Debug|Any CPU.ActiveCfg = Debug|Any CPU
		{F1FF4A4A-374F-44D8-A974-4A5C1FDA0AF3}.Debug|Any CPU.Build.0 = Debug|Any CPU
		{F1FF4A4A-374F-44D8-A974-4A5C1FDA0AF3}.Release|Any CPU.ActiveCfg = Release|Any CPU
		{F1FF4A4A-374F-44D8-A974-4A5C1FDA0AF3}.Release|Any CPU.Build.0 = Release|Any CPU
		{8C625842-78C0-43F8-8DB4-35600163FFB3}.Debug|Any CPU.ActiveCfg = Debug|Any CPU
		{8C625842-78C0-43F8-8DB4-35600163FFB3}.Debug|Any CPU.Build.0 = Debug|Any CPU
		{8C625842-78C0-43F8-8DB4-35600163FFB3}.Release|Any CPU.ActiveCfg = Release|Any CPU
		{8C625842-78C0-43F8-8DB4-35600163FFB3}.Release|Any CPU.Build.0 = Release|Any CPU
		{303F4372-6B65-4718-ABC0-ACF932F56859}.Debug|Any CPU.ActiveCfg = Debug|Any CPU
		{303F4372-6B65-4718-ABC0-ACF932F56859}.Debug|Any CPU.Build.0 = Debug|Any CPU
		{303F4372-6B65-4718-ABC0-ACF932F56859}.Release|Any CPU.ActiveCfg = Release|Any CPU
		{303F4372-6B65-4718-ABC0-ACF932F56859}.Release|Any CPU.Build.0 = Release|Any CPU
		{82F7CF2E-D356-4E29-A471-22AE8529A2FD}.Debug|Any CPU.ActiveCfg = Debug|Any CPU
		{82F7CF2E-D356-4E29-A471-22AE8529A2FD}.Debug|Any CPU.Build.0 = Debug|Any CPU
		{82F7CF2E-D356-4E29-A471-22AE8529A2FD}.Release|Any CPU.ActiveCfg = Release|Any CPU
		{82F7CF2E-D356-4E29-A471-22AE8529A2FD}.Release|Any CPU.Build.0 = Release|Any CPU
		{E4314658-459E-4157-AD61-77A1EA0B6A73}.Debug|Any CPU.ActiveCfg = Debug|Any CPU
		{E4314658-459E-4157-AD61-77A1EA0B6A73}.Debug|Any CPU.Build.0 = Debug|Any CPU
		{E4314658-459E-4157-AD61-77A1EA0B6A73}.Release|Any CPU.ActiveCfg = Debug|Any CPU
		{E4314658-459E-4157-AD61-77A1EA0B6A73}.Release|Any CPU.Build.0 = Debug|Any CPU
		{8B4F7913-2353-45EB-8A65-E50A0436C0D0}.Debug|Any CPU.ActiveCfg = Debug|Any CPU
		{8B4F7913-2353-45EB-8A65-E50A0436C0D0}.Debug|Any CPU.Build.0 = Debug|Any CPU
		{8B4F7913-2353-45EB-8A65-E50A0436C0D0}.Release|Any CPU.ActiveCfg = Release|Any CPU
		{8B4F7913-2353-45EB-8A65-E50A0436C0D0}.Release|Any CPU.Build.0 = Release|Any CPU
	EndGlobalSection
	GlobalSection(SolutionProperties) = preSolution
		HideSolutionNode = FALSE
	EndGlobalSection
	GlobalSection(ExtensibilityGlobals) = postSolution
		SolutionGuid = {C2D45E2B-C523-493F-A61B-A962960C50F2}
	EndGlobalSection
EndGlobal
